// !$*UTF8*$!
{
	archiveVersion = 1;
	classes = {
	};
	objectVersion = 50;
	objects = {

/* Begin PBXBuildFile section */
		22230AB22DFD649900DEA47E /* LocationExplorerAppApp.swift in Sources */ = {isa = PBXBuildFile; fileRef = 22230AB12DFD649900DEA47E /* LocationExplorerAppApp.swift */; };
		22230AB42DFD649900DEA47E /* ContentView.swift in Sources */ = {isa = PBXBuildFile; fileRef = 22230AB32DFD649900DEA47E /* ContentView.swift */; };
		22230AB62DFD64AD00DEA47E /* Assets.xcassets in Resources */ = {isa = PBXBuildFile; fileRef = 22230AB52DFD64AD00DEA47E /* Assets.xcassets */; };
		22230AB92DFD64AD00DEA47E /* Preview Assets.xcassets in Resources */ = {isa = PBXBuildFile; fileRef = 22230AB82DFD64AD00DEA47E /* Preview Assets.xcassets */; };
		2263EDC42DFD939500243CC7 /* LocationManager.swift in Sources */ = {isa = PBXBuildFile; fileRef = 2263EDC32DFD939500243CC7 /* LocationManager.swift */; };
		2263EDC62DFD94CD00243CC7 /* KakaoAPIService.swift in Sources */ = {isa = PBXBuildFile; fileRef = 2263EDC52DFD94CD00243CC7 /* KakaoAPIService.swift */; };
		2263EDC82DFD96D800243CC7 /* FavoritesManager.swift in Sources */ = {isa = PBXBuildFile; fileRef = 2263EDC72DFD96D800243CC7 /* FavoritesManager.swift */; };
/* End PBXBuildFile section */

/* Begin PBXFileReference section */
		22230AAE2DFD649900DEA47E /* LocationExplorerApp.app */ = {isa = PBXFileReference; explicitFileType = wrapper.application; includeInIndex = 0; path = LocationExplorerApp.app; sourceTree = BUILT_PRODUCTS_DIR; };
		22230AB12DFD649900DEA47E /* LocationExplorerAppApp.swift */ = {isa = PBXFileReference; lastKnownFileType = sourcecode.swift; path = LocationExplorerAppApp.swift; sourceTree = "<group>"; };
		22230AB32DFD649900DEA47E /* ContentView.swift */ = {isa = PBXFileReference; lastKnownFileType = sourcecode.swift; path = ContentView.swift; sourceTree = "<group>"; };
		22230AB52DFD64AD00DEA47E /* Assets.xcassets */ = {isa = PBXFileReference; lastKnownFileType = folder.assetcatalog; path = Assets.xcassets; sourceTree = "<group>"; };
		22230AB82DFD64AD00DEA47E /* Preview Assets.xcassets */ = {isa = PBXFileReference; lastKnownFileType = folder.assetcatalog; path = "Preview Assets.xcassets"; sourceTree = "<group>"; };
		22230ABA2DFD64AD00DEA47E /* Info.plist */ = {isa = PBXFileReference; lastKnownFileType = text.plist.xml; path = Info.plist; sourceTree = "<group>"; };
		2263EDC32DFD939500243CC7 /* LocationManager.swift */ = {isa = PBXFileReference; lastKnownFileType = sourcecode.swift; path = LocationManager.swift; sourceTree = "<group>"; };
		2263EDC52DFD94CD00243CC7 /* KakaoAPIService.swift */ = {isa = PBXFileReference; lastKnownFileType = sourcecode.swift; path = KakaoAPIService.swift; sourceTree = "<group>"; };
		2263EDC72DFD96D800243CC7 /* FavoritesManager.swift */ = {isa = PBXFileReference; lastKnownFileType = sourcecode.swift; path = FavoritesManager.swift; sourceTree = "<group>"; };
/* End PBXFileReference section */

/* Begin PBXFrameworksBuildPhase section */
		22230AAB2DFD649800DEA47E /* Frameworks */ = {
			isa = PBXFrameworksBuildPhase;
			buildActionMask = 2147483647;
			files = (
			);
			runOnlyForDeploymentPostprocessing = 0;
		};
/* End PBXFrameworksBuildPhase section */

/* Begin PBXGroup section */
		22230AA52DFD649800DEA47E = {
			isa = PBXGroup;
			children = (
				22230AB02DFD649900DEA47E /* LocationExplorerApp */,
				22230AAF2DFD649900DEA47E /* Products */,
			);
			sourceTree = "<group>";
		};
		22230AAF2DFD649900DEA47E /* Products */ = {
			isa = PBXGroup;
			children = (
				22230AAE2DFD649900DEA47E /* LocationExplorerApp.app */,
			);
			name = Products;
			sourceTree = "<group>";
		};
		22230AB02DFD649900DEA47E /* LocationExplorerApp */ = {
			isa = PBXGroup;
			children = (
				22230AB12DFD649900DEA47E /* LocationExplorerAppApp.swift */,
				22230AB32DFD649900DEA47E /* ContentView.swift */,
				22230AB52DFD64AD00DEA47E /* Assets.xcassets */,
				22230ABA2DFD64AD00DEA47E /* Info.plist */,
				22230AB72DFD64AD00DEA47E /* Preview Content */,
				2263EDC32DFD939500243CC7 /* LocationManager.swift */,
				2263EDC52DFD94CD00243CC7 /* KakaoAPIService.swift */,
				2263EDC72DFD96D800243CC7 /* FavoritesManager.swift */,
			);
			path = LocationExplorerApp;
			sourceTree = "<group>";
		};
		22230AB72DFD64AD00DEA47E /* Preview Content */ = {
			isa = PBXGroup;
			children = (
				22230AB82DFD64AD00DEA47E /* Preview Assets.xcassets */,
			);
			path = "Preview Content";
			sourceTree = "<group>";
		};
/* End PBXGroup section */

/* Begin PBXNativeTarget section */
		22230AAD2DFD649800DEA47E /* LocationExplorerApp */ = {
			isa = PBXNativeTarget;
			buildConfigurationList = 22230ABD2DFD64AD00DEA47E /* Build configuration list for PBXNativeTarget "LocationExplorerApp" */;
			buildPhases = (
				22230AAA2DFD649800DEA47E /* Sources */,
				22230AAB2DFD649800DEA47E /* Frameworks */,
				22230AAC2DFD649800DEA47E /* Resources */,
			);
			buildRules = (
			);
			dependencies = (
			);
			name = LocationExplorerApp;
			productName = LocationExplorerApp;
			productReference = 22230AAE2DFD649900DEA47E /* LocationExplorerApp.app */;
			productType = "com.apple.product-type.application";
		};
/* End PBXNativeTarget section */

/* Begin PBXProject section */
		22230AA62DFD649800DEA47E /* Project object */ = {
			isa = PBXProject;
			attributes = {
				LastSwiftUpdateCheck = 1250;
				LastUpgradeCheck = 1250;
				TargetAttributes = {
					22230AAD2DFD649800DEA47E = {
						CreatedOnToolsVersion = 12.5;
					};
				};
			};
			buildConfigurationList = 22230AA92DFD649800DEA47E /* Build configuration list for PBXProject "LocationExplorerApp" */;
			compatibilityVersion = "Xcode 9.3";
			developmentRegion = en;
			hasScannedForEncodings = 0;
			knownRegions = (
				en,
				Base,
			);
			mainGroup = 22230AA52DFD649800DEA47E;
			productRefGroup = 22230AAF2DFD649900DEA47E /* Products */;
			projectDirPath = "";
			projectRoot = "";
			targets = (
				22230AAD2DFD649800DEA47E /* LocationExplorerApp */,
			);
		};
/* End PBXProject section */

/* Begin PBXResourcesBuildPhase section */
		22230AAC2DFD649800DEA47E /* Resources */ = {
			isa = PBXResourcesBuildPhase;
			buildActionMask = 2147483647;
			files = (
				22230AB92DFD64AD00DEA47E /* Preview Assets.xcassets in Resources */,
				22230AB62DFD64AD00DEA47E /* Assets.xcassets in Resources */,
			);
			runOnlyForDeploymentPostprocessing = 0;
		};
/* End PBXResourcesBuildPhase section */

/* Begin PBXSourcesBuildPhase section */
		22230AAA2DFD649800DEA47E /* Sources */ = {
			isa = PBXSourcesBuildPhase;
			buildActionMask = 2147483647;
			files = (
				22230AB42DFD649900DEA47E /* ContentView.swift in Sources */,
				2263EDC82DFD96D800243CC7 /* FavoritesManager.swift in Sources */,
				22230AB22DFD649900DEA47E /* LocationExplorerAppApp.swift in Sources */,
				2263EDC62DFD94CD00243CC7 /* KakaoAPIService.swift in Sources */,
				2263EDC42DFD939500243CC7 /* LocationManager.swift in Sources */,
			);
			runOnlyForDeploymentPostprocessing = 0;
		};
/* End PBXSourcesBuildPhase section */

/* Begin XCBuildConfiguration section */
		22230ABB2DFD64AD00DEA47E /* Debug */ = {
			isa = XCBuildConfiguration;
			buildSettings = {
				ALWAYS_SEARCH_USER_PATHS = NO;
				CLANG_ANALYZER_NONNULL = YES;
				CLANG_ANALYZER_NUMBER_OBJECT_CONVERSION = YES_AGGRESSIVE;
				CLANG_CXX_LANGUAGE_STANDARD = "gnu++14";
				CLANG_CXX_LIBRARY = "libc++";
				CLANG_ENABLE_MODULES = YES;
				CLANG_ENABLE_OBJC_ARC = YES;
				CLANG_ENABLE_OBJC_WEAK = YES;
				CLANG_WARN_BLOCK_CAPTURE_AUTORELEASING = YES;
				CLANG_WARN_BOOL_CONVERSION = YES;
				CLANG_WARN_COMMA = YES;
				CLANG_WARN_CONSTANT_CONVERSION = YES;
				CLANG_WARN_DEPRECATED_OBJC_IMPLEMENTATIONS = YES;
				CLANG_WARN_DIRECT_OBJC_ISA_USAGE = YES_ERROR;
				CLANG_WARN_DOCUMENTATION_COMMENTS = YES;
				CLANG_WARN_EMPTY_BODY = YES;
				CLANG_WARN_ENUM_CONVERSION = YES;
				CLANG_WARN_INFINITE_RECURSION = YES;
				CLANG_WARN_INT_CONVERSION = YES;
				CLANG_WARN_NON_LITERAL_NULL_CONVERSION = YES;
				CLANG_WARN_OBJC_IMPLICIT_RETAIN_SELF = YES;
				CLANG_WARN_OBJC_LITERAL_CONVERSION = YES;
				CLANG_WARN_OBJC_ROOT_CLASS = YES_ERROR;
				CLANG_WARN_QUOTED_INCLUDE_IN_FRAMEWORK_HEADER = YES;
				CLANG_WARN_RANGE_LOOP_ANALYSIS = YES;
				CLANG_WARN_STRICT_PROTOTYPES = YES;
				CLANG_WARN_SUSPICIOUS_MOVE = YES;
				CLANG_WARN_UNGUARDED_AVAILABILITY = YES_AGGRESSIVE;
				CLANG_WARN_UNREACHABLE_CODE = YES;
				CLANG_WARN__DUPLICATE_METHOD_MATCH = YES;
				COPY_PHASE_STRIP = NO;
				DEBUG_INFORMATION_FORMAT = dwarf;
				ENABLE_STRICT_OBJC_MSGSEND = YES;
				ENABLE_TESTABILITY = YES;
				GCC_C_LANGUAGE_STANDARD = gnu11;
				GCC_DYNAMIC_NO_PIC = NO;
				GCC_NO_COMMON_BLOCKS = YES;
				GCC_OPTIMIZATION_LEVEL = 0;
				GCC_PREPROCESSOR_DEFINITIONS = (
					"DEBUG=1",
					"$(inherited)",
				);
				GCC_WARN_64_TO_32_BIT_CONVERSION = YES;
				GCC_WARN_ABOUT_RETURN_TYPE = YES_ERROR;
				GCC_WARN_UNDECLARED_SELECTOR = YES;
				GCC_WARN_UNINITIALIZED_AUTOS = YES_AGGRESSIVE;
				GCC_WARN_UNUSED_FUNCTION = YES;
				GCC_WARN_UNUSED_VARIABLE = YES;
				IPHONEOS_DEPLOYMENT_TARGET = 14.5;
				MTL_ENABLE_DEBUG_INFO = INCLUDE_SOURCE;
				MTL_FAST_MATH = YES;
				ONLY_ACTIVE_ARCH = YES;
				SDKROOT = iphoneos;
				SWIFT_ACTIVE_COMPILATION_CONDITIONS = DEBUG;
				SWIFT_OPTIMIZATION_LEVEL = "-Onone";
			};
			name = Debug;
		};
		22230ABC2DFD64AD00DEA47E /* Release */ = {
			isa = XCBuildConfiguration;
			buildSettings = {
				ALWAYS_SEARCH_USER_PATHS = NO;
				CLANG_ANALYZER_NONNULL = YES;
				CLANG_ANALYZER_NUMBER_OBJECT_CONVERSION = YES_AGGRESSIVE;
				CLANG_CXX_LANGUAGE_STANDARD = "gnu++14";
				CLANG_CXX_LIBRARY = "libc++";
				CLANG_ENABLE_MODULES = YES;
				CLANG_ENABLE_OBJC_ARC = YES;
				CLANG_ENABLE_OBJC_WEAK = YES;
				CLANG_WARN_BLOCK_CAPTURE_AUTORELEASING = YES;
				CLANG_WARN_BOOL_CONVERSION = YES;
				CLANG_WARN_COMMA = YES;
				CLANG_WARN_CONSTANT_CONVERSION = YES;
				CLANG_WARN_DEPRECATED_OBJC_IMPLEMENTATIONS = YES;
				CLANG_WARN_DIRECT_OBJC_ISA_USAGE = YES_ERROR;
				CLANG_WARN_DOCUMENTATION_COMMENTS = YES;
				CLANG_WARN_EMPTY_BODY = YES;
				CLANG_WARN_ENUM_CONVERSION = YES;
				CLANG_WARN_INFINITE_RECURSION = YES;
				CLANG_WARN_INT_CONVERSION = YES;
				CLANG_WARN_NON_LITERAL_NULL_CONVERSION = YES;
				CLANG_WARN_OBJC_IMPLICIT_RETAIN_SELF = YES;
				CLANG_WARN_OBJC_LITERAL_CONVERSION = YES;
				CLANG_WARN_OBJC_ROOT_CLASS = YES_ERROR;
				CLANG_WARN_QUOTED_INCLUDE_IN_FRAMEWORK_HEADER = YES;
				CLANG_WARN_RANGE_LOOP_ANALYSIS = YES;
				CLANG_WARN_STRICT_PROTOTYPES = YES;
				CLANG_WARN_SUSPICIOUS_MOVE = YES;
				CLANG_WARN_UNGUARDED_AVAILABILITY = YES_AGGRESSIVE;
				CLANG_WARN_UNREACHABLE_CODE = YES;
				CLANG_WARN__DUPLICATE_METHOD_MATCH = YES;
				COPY_PHASE_STRIP = NO;
				DEBUG_INFORMATION_FORMAT = "dwarf-with-dsym";
				ENABLE_NS_ASSERTIONS = NO;
				ENABLE_STRICT_OBJC_MSGSEND = YES;
				GCC_C_LANGUAGE_STANDARD = gnu11;
				GCC_NO_COMMON_BLOCKS = YES;
				GCC_WARN_64_TO_32_BIT_CONVERSION = YES;
				GCC_WARN_ABOUT_RETURN_TYPE = YES_ERROR;
				GCC_WARN_UNDECLARED_SELECTOR = YES;
				GCC_WARN_UNINITIALIZED_AUTOS = YES_AGGRESSIVE;
				GCC_WARN_UNUSED_FUNCTION = YES;
				GCC_WARN_UNUSED_VARIABLE = YES;
				IPHONEOS_DEPLOYMENT_TARGET = 14.5;
				MTL_ENABLE_DEBUG_INFO = NO;
				MTL_FAST_MATH = YES;
				SDKROOT = iphoneos;
				SWIFT_COMPILATION_MODE = wholemodule;
				SWIFT_OPTIMIZATION_LEVEL = "-O";
				VALIDATE_PRODUCT = YES;
			};
			name = Release;
		};
		22230ABE2DFD64AD00DEA47E /* Debug */ = {
			isa = XCBuildConfiguration;
			buildSettings = {
				ASSETCATALOG_COMPILER_APPICON_NAME = AppIcon;
				ASSETCATALOG_COMPILER_GLOBAL_ACCENT_COLOR_NAME = AccentColor;
				CODE_SIGN_STYLE = Automatic;
				DEVELOPMENT_ASSET_PATHS = "\"LocationExplorerApp/Preview Content\"";
				ENABLE_PREVIEWS = YES;
				INFOPLIST_FILE = LocationExplorerApp/Info.plist;
				IPHONEOS_DEPLOYMENT_TARGET = 14.0;
				LD_RUNPATH_SEARCH_PATHS = (
					"$(inherited)",
					"@executable_path/Frameworks",
				);
				PRODUCT_BUNDLE_IDENTIFIER = ljy7421.hansung.ac.kr.LocationExplorerApp;
				PRODUCT_NAME = "$(TARGET_NAME)";
				SWIFT_VERSION = 5.0;
				TARGETED_DEVICE_FAMILY = "1,2";
			};
			name = Debug;
		};
		22230ABF2DFD64AD00DEA47E /* Release */ = {
			isa = XCBuildConfiguration;
			buildSettings = {
				ASSETCATALOG_COMPILER_APPICON_NAME = AppIcon;
				ASSETCATALOG_COMPILER_GLOBAL_ACCENT_COLOR_NAME = AccentColor;
				CODE_SIGN_STYLE = Automatic;
				DEVELOPMENT_ASSET_PATHS = "\"LocationExplorerApp/Preview Content\"";
				ENABLE_PREVIEWS = YES;
				INFOPLIST_FILE = LocationExplorerApp/Info.plist;
				IPHONEOS_DEPLOYMENT_TARGET = 14.0;
				LD_RUNPATH_SEARCH_PATHS = (
					"$(inherited)",
					"@executable_path/Frameworks",
				);
				PRODUCT_BUNDLE_IDENTIFIER = ljy7421.hansung.ac.kr.LocationExplorerApp;
				PRODUCT_NAME = "$(TARGET_NAME)";
				SWIFT_VERSION = 5.0;
				TARGETED_DEVICE_FAMILY = "1,2";
			};
			name = Release;
		};
/* End XCBuildConfiguration section */

/* Begin XCConfigurationList section */
		22230AA92DFD649800DEA47E /* Build configuration list for PBXProject "LocationExplorerApp" */ = {
			isa = XCConfigurationList;
			buildConfigurations = (
				22230ABB2DFD64AD00DEA47E /* Debug */,
				22230ABC2DFD64AD00DEA47E /* Release */,
			);
			defaultConfigurationIsVisible = 0;
			defaultConfigurationName = Release;
		};
		22230ABD2DFD64AD00DEA47E /* Build configuration list for PBXNativeTarget "LocationExplorerApp" */ = {
			isa = XCConfigurationList;
			buildConfigurations = (
				22230ABE2DFD64AD00DEA47E /* Debug */,
				22230ABF2DFD64AD00DEA47E /* Release */,
			);
			defaultConfigurationIsVisible = 0;
			defaultConfigurationName = Release;
		};
/* End XCConfigurationList section */
	};
	rootObject = 22230AA62DFD649800DEA47E /* Project object */;
}
